// !$*UTF8*$!
{
	archiveVersion = 1;
	classes = {
	};
	objectVersion = 46;
	objects = {

/* Begin PBXBuildFile section */
		639DF29B1F661AB700201C97 /* AppDelegate.swift in Sources */ = {isa = PBXBuildFile; fileRef = 639DF29A1F661AB700201C97 /* AppDelegate.swift */; };
		639DF29D1F661AB700201C97 /* ViewController.swift in Sources */ = {isa = PBXBuildFile; fileRef = 639DF29C1F661AB700201C97 /* ViewController.swift */; };
		639DF2A01F661AB700201C97 /* Main.storyboard in Resources */ = {isa = PBXBuildFile; fileRef = 639DF29E1F661AB700201C97 /* Main.storyboard */; };
		639DF2A21F661AB700201C97 /* Assets.xcassets in Resources */ = {isa = PBXBuildFile; fileRef = 639DF2A11F661AB700201C97 /* Assets.xcassets */; };
		639DF2A51F661AB700201C97 /* LaunchScreen.storyboard in Resources */ = {isa = PBXBuildFile; fileRef = 639DF2A31F661AB700201C97 /* LaunchScreen.storyboard */; };
/* End PBXBuildFile section */

/* Begin PBXFileReference section */
		639DF2971F661AB700201C97 /* eyesight.app */ = {isa = PBXFileReference; explicitFileType = wrapper.application; includeInIndex = 0; path = eyesight.app; sourceTree = BUILT_PRODUCTS_DIR; };
		639DF29A1F661AB700201C97 /* AppDelegate.swift */ = {isa = PBXFileReference; lastKnownFileType = sourcecode.swift; path = AppDelegate.swift; sourceTree = "<group>"; };
		639DF29C1F661AB700201C97 /* ViewController.swift */ = {isa = PBXFileReference; lastKnownFileType = sourcecode.swift; path = ViewController.swift; sourceTree = "<group>"; };
		639DF29F1F661AB700201C97 /* Base */ = {isa = PBXFileReference; lastKnownFileType = file.storyboard; name = Base; path = Base.lproj/Main.storyboard; sourceTree = "<group>"; };
		639DF2A11F661AB700201C97 /* Assets.xcassets */ = {isa = PBXFileReference; lastKnownFileType = folder.assetcatalog; path = Assets.xcassets; sourceTree = "<group>"; };
		639DF2A41F661AB700201C97 /* Base */ = {isa = PBXFileReference; lastKnownFileType = file.storyboard; name = Base; path = Base.lproj/LaunchScreen.storyboard; sourceTree = "<group>"; };
		639DF2A61F661AB700201C97 /* Info.plist */ = {isa = PBXFileReference; lastKnownFileType = text.plist.xml; path = Info.plist; sourceTree = "<group>"; };
/* End PBXFileReference section */

/* Begin PBXFrameworksBuildPhase section */
		639DF2941F661AB700201C97 /* Frameworks */ = {
			isa = PBXFrameworksBuildPhase;
			buildActionMask = 2147483647;
			files = (
			);
			runOnlyForDeploymentPostprocessing = 0;
		};
/* End PBXFrameworksBuildPhase section */

/* Begin PBXGroup section */
		639DF28E1F661AB700201C97 = {
			isa = PBXGroup;
			children = (
				639DF2991F661AB700201C97 /* eyesight */,
				639DF2981F661AB700201C97 /* Products */,
			);
			sourceTree = "<group>";
		};
		639DF2981F661AB700201C97 /* Products */ = {
			isa = PBXGroup;
			children = (
				639DF2971F661AB700201C97 /* eyesight.app */,
			);
			name = Products;
			sourceTree = "<group>";
		};
		639DF2991F661AB700201C97 /* eyesight */ = {
			isa = PBXGroup;
			children = (
				639DF29A1F661AB700201C97 /* AppDelegate.swift */,
				639DF29C1F661AB700201C97 /* ViewController.swift */,
				639DF29E1F661AB700201C97 /* Main.storyboard */,
				639DF2A11F661AB700201C97 /* Assets.xcassets */,
				639DF2A31F661AB700201C97 /* LaunchScreen.storyboard */,
				639DF2A61F661AB700201C97 /* Info.plist */,
			);
			path = eyesight;
			sourceTree = "<group>";
		};
/* End PBXGroup section */

/* Begin PBXNativeTarget section */
		639DF2961F661AB700201C97 /* eyesight */ = {
			isa = PBXNativeTarget;
			buildConfigurationList = 639DF2A91F661AB700201C97 /* Build configuration list for PBXNativeTarget "eyesight" */;
			buildPhases = (
				639DF2931F661AB700201C97 /* Sources */,
				639DF2941F661AB700201C97 /* Frameworks */,
				639DF2951F661AB700201C97 /* Resources */,
			);
			buildRules = (
			);
			dependencies = (
			);
			name = eyesight;
			productName = eyesight;
			productReference = 639DF2971F661AB700201C97 /* eyesight.app */;
			productType = "com.apple.product-type.application";
		};
/* End PBXNativeTarget section */

/* Begin PBXProject section */
		639DF28F1F661AB700201C97 /* Project object */ = {
			isa = PBXProject;
			attributes = {
				LastSwiftUpdateCheck = 0830;
				LastUpgradeCheck = 0830;
				ORGANIZATIONNAME = "杜鹏";
				TargetAttributes = {
					639DF2961F661AB700201C97 = {
						CreatedOnToolsVersion = 8.3.3;
						DevelopmentTeam = 33XDSGFPN7;
						ProvisioningStyle = Automatic;
					};
				};
			};
			buildConfigurationList = 639DF2921F661AB700201C97 /* Build configuration list for PBXProject "eyesight" */;
			compatibilityVersion = "Xcode 3.2";
			developmentRegion = English;
			hasScannedForEncodings = 0;
			knownRegions = (
				en,
				Base,
			);
			mainGroup = 639DF28E1F661AB700201C97;
			productRefGroup = 639DF2981F661AB700201C97 /* Products */;
			projectDirPath = "";
			projectRoot = "";
			targets = (
				639DF2961F661AB700201C97 /* eyesight */,
			);
		};
/* End PBXProject section */

/* Begin PBXResourcesBuildPhase section */
		639DF2951F661AB700201C97 /* Resources */ = {
			isa = PBXResourcesBuildPhase;
			buildActionMask = 2147483647;
			files = (
				639DF2A51F661AB700201C97 /* LaunchScreen.storyboard in Resources */,
				639DF2A21F661AB700201C97 /* Assets.xcassets in Resources */,
				639DF2A01F661AB700201C97 /* Main.storyboard in Resources */,
			);
			runOnlyForDeploymentPostprocessing = 0;
		};
/* End PBXResourcesBuildPhase section */

/* Begin PBXSourcesBuildPhase section */
		639DF2931F661AB700201C97 /* Sources */ = {
			isa = PBXSourcesBuildPhase;
			buildActionMask = 2147483647;
			files = (
				639DF29D1F661AB700201C97 /* ViewController.swift in Sources */,
				639DF29B1F661AB700201C97 /* AppDelegate.swift in Sources */,
			);
			runOnlyForDeploymentPostprocessing = 0;
		};
/* End PBXSourcesBuildPhase section */

/* Begin PBXVariantGroup section */
		639DF29E1F661AB700201C97 /* Main.storyboard */ = {
			isa = PBXVariantGroup;
			children = (
				639DF29F1F661AB700201C97 /* Base */,
			);
			name = Main.storyboard;
			sourceTree = "<group>";
		};
		639DF2A31F661AB700201C97 /* LaunchScreen.storyboard */ = {
			isa = PBXVariantGroup;
			children = (
				639DF2A41F661AB700201C97 /* Base */,
			);
			name = LaunchScreen.storyboard;
			sourceTree = "<group>";
		};
/* End PBXVariantGroup section */

/* Begin XCBuildConfiguration section */
		639DF2A71F661AB700201C97 /* Debug */ = {
			isa = XCBuildConfiguration;
			buildSettings = {
				ALWAYS_SEARCH_USER_PATHS = NO;
				CLANG_ANALYZER_NONNULL = YES;
				CLANG_ANALYZER_NUMBER_OBJECT_CONVERSION = YES_AGGRESSIVE;
				CLANG_CXX_LANGUAGE_STANDARD = "gnu++0x";
				CLANG_CXX_LIBRARY = "libc++";
				CLANG_ENABLE_MODULES = YES;
				CLANG_ENABLE_OBJC_ARC = YES;
				CLANG_WARN_BOOL_CONVERSION = YES;
				CLANG_WARN_CONSTANT_CONVERSION = YES;
				CLANG_WARN_DIRECT_OBJC_ISA_USAGE = YES_ERROR;
				CLANG_WARN_DOCUMENTATION_COMMENTS = YES;
				CLANG_WARN_EMPTY_BODY = YES;
				CLANG_WARN_ENUM_CONVERSION = YES;
				CLANG_WARN_INFINITE_RECURSION = YES;
				CLANG_WARN_INT_CONVERSION = YES;
				CLANG_WARN_OBJC_ROOT_CLASS = YES_ERROR;
				CLANG_WARN_SUSPICIOUS_MOVE = YES;
				CLANG_WARN_UNREACHABLE_CODE = YES;
				CLANG_WARN__DUPLICATE_METHOD_MATCH = YES;
				"CODE_SIGN_IDENTITY[sdk=iphoneos*]" = "iPhone Developer";
				COPY_PHASE_STRIP = NO;
				DEBUG_INFORMATION_FORMAT = dwarf;
				ENABLE_STRICT_OBJC_MSGSEND = YES;
				ENABLE_TESTABILITY = YES;
				GCC_C_LANGUAGE_STANDARD = gnu99;
				GCC_DYNAMIC_NO_PIC = NO;
				GCC_NO_COMMON_BLOCKS = YES;
				GCC_OPTIMIZATION_LEVEL = 0;
				GCC_PREPROCESSOR_DEFINITIONS = (
					"DEBUG=1",
					"$(inherited)",
				);
				GCC_WARN_64_TO_32_BIT_CONVERSION = YES;
				GCC_WARN_ABOUT_RETURN_TYPE = YES_ERROR;
				GCC_WARN_UNDECLARED_SELECTOR = YES;
				GCC_WARN_UNINITIALIZED_AUTOS = YES_AGGRESSIVE;
				GCC_WARN_UNUSED_FUNCTION = YES;
				GCC_WARN_UNUSED_VARIABLE = YES;
				IPHONEOS_DEPLOYMENT_TARGET = 10.3;
				MTL_ENABLE_DEBUG_INFO = YES;
				ONLY_ACTIVE_ARCH = YES;
				SDKROOT = iphoneos;
				SWIFT_ACTIVE_COMPILATION_CONDITIONS = DEBUG;
				SWIFT_OPTIMIZATION_LEVEL = "-Onone";
			};
			name = Debug;
		};
		639DF2A81F661AB700201C97 /* Release */ = {
			isa = XCBuildConfiguration;
			buildSettings = {
				ALWAYS_SEARCH_USER_PATHS = NO;
				CLANG_ANALYZER_NONNULL = YES;
				CLANG_ANALYZER_NUMBER_OBJECT_CONVERSION = YES_AGGRESSIVE;
				CLANG_CXX_LANGUAGE_STANDARD = "gnu++0x";
				CLANG_CXX_LIBRARY = "libc++";
				CLANG_ENABLE_MODULES = YES;
				CLANG_ENABLE_OBJC_ARC = YES;
				CLANG_WARN_BOOL_CONVERSION = YES;
				CLANG_WARN_CONSTANT_CONVERSION = YES;
				CLANG_WARN_DIRECT_OBJC_ISA_USAGE = YES_ERROR;
				CLANG_WARN_DOCUMENTATION_COMMENTS = YES;
				CLANG_WARN_EMPTY_BODY = YES;
				CLANG_WARN_ENUM_CONVERSION = YES;
				CLANG_WARN_INFINITE_RECURSION = YES;
				CLANG_WARN_INT_CONVERSION = YES;
				CLANG_WARN_OBJC_ROOT_CLASS = YES_ERROR;
				CLANG_WARN_SUSPICIOUS_MOVE = YES;
				CLANG_WARN_UNREACHABLE_CODE = YES;
				CLANG_WARN__DUPLICATE_METHOD_MATCH = YES;
				"CODE_SIGN_IDENTITY[sdk=iphoneos*]" = "iPhone Developer";
				COPY_PHASE_STRIP = NO;
				DEBUG_INFORMATION_FORMAT = "dwarf-with-dsym";
				ENABLE_NS_ASSERTIONS = NO;
				ENABLE_STRICT_OBJC_MSGSEND = YES;
				GCC_C_LANGUAGE_STANDARD = gnu99;
				GCC_NO_COMMON_BLOCKS = YES;
				GCC_WARN_64_TO_32_BIT_CONVERSION = YES;
				GCC_WARN_ABOUT_RETURN_TYPE = YES_ERROR;
				GCC_WARN_UNDECLARED_SELECTOR = YES;
				GCC_WARN_UNINITIALIZED_AUTOS = YES_AGGRESSIVE;
				GCC_WARN_UNUSED_FUNCTION = YES;
				GCC_WARN_UNUSED_VARIABLE = YES;
				IPHONEOS_DEPLOYMENT_TARGET = 10.3;
				MTL_ENABLE_DEBUG_INFO = NO;
				SDKROOT = iphoneos;
				SWIFT_OPTIMIZATION_LEVEL = "-Owholemodule";
				VALIDATE_PRODUCT = YES;
			};
			name = Release;
		};
		639DF2AA1F661AB700201C97 /* Debug */ = {
			isa = XCBuildConfiguration;
			buildSettings = {
				ASSETCATALOG_COMPILER_APPICON_NAME = AppIcon;
				DEVELOPMENT_TEAM = 33XDSGFPN7;
				INFOPLIST_FILE = eyesight/Info.plist;
				LD_RUNPATH_SEARCH_PATHS = "$(inherited) @executable_path/Frameworks";
				PRODUCT_BUNDLE_IDENTIFIER = com.wlw.eyesight;
				PRODUCT_NAME = "$(TARGET_NAME)";
				SWIFT_VERSION = 3.0;
			};
			name = Debug;
		};
		639DF2AB1F661AB700201C97 /* Release */ = {
			isa = XCBuildConfiguration;
			buildSettings = {
				ASSETCATALOG_COMPILER_APPICON_NAME = AppIcon;
				DEVELOPMENT_TEAM = 33XDSGFPN7;
				INFOPLIST_FILE = eyesight/Info.plist;
				LD_RUNPATH_SEARCH_PATHS = "$(inherited) @executable_path/Frameworks";
				PRODUCT_BUNDLE_IDENTIFIER = com.wlw.eyesight;
				PRODUCT_NAME = "$(TARGET_NAME)";
				SWIFT_VERSION = 3.0;
			};
			name = Release;
		};
/* End XCBuildConfiguration section */

/* Begin XCConfigurationList section */
		639DF2921F661AB700201C97 /* Build configuration list for PBXProject "eyesight" */ = {
			isa = XCConfigurationList;
			buildConfigurations = (
				639DF2A71F661AB700201C97 /* Debug */,
				639DF2A81F661AB700201C97 /* Release */,
			);
			defaultConfigurationIsVisible = 0;
			defaultConfigurationName = Release;
		};
		639DF2A91F661AB700201C97 /* Build configuration list for PBXNativeTarget "eyesight" */ = {
			isa = XCConfigurationList;
			buildConfigurations = (
				639DF2AA1F661AB700201C97 /* Debug */,
				639DF2AB1F661AB700201C97 /* Release */,
			);
			defaultConfigurationIsVisible = 0;
		};
/* End XCConfigurationList section */
	};
	rootObject = 639DF28F1F661AB700201C97 /* Project object */;
}
